
Microsoft Visual Studio Solution File, Format Version 12.00
# Visual Studio Version 17
VisualStudioVersion = 17.5.33516.290
MinimumVisualStudioVersion = 10.0.40219.1
Project("{FAE04EC0-301F-11D3-BF4B-00C04F79EFBC}") = "MyPortifolio", "MyPortifolio\MyPortifolio.csproj", "{A663851D-00F4-4E7F-ACBB-9C4914A2F26A}"
EndProject
Global
	GlobalSection(SolutionConfigurationPlatforms) = preSolution
		Debug|Any CPU = Debug|Any CPU
		Release|Any CPU = Release|Any CPU
	EndGlobalSection
	GlobalSection(ProjectConfigurationPlatforms) = postSolution
		{A663851D-00F4-4E7F-ACBB-9C4914A2F26A}.Debug|Any CPU.ActiveCfg = Debug|Any CPU
		{A663851D-00F4-4E7F-ACBB-9C4914A2F26A}.Debug|Any CPU.Build.0 = Debug|Any CPU
		{A663851D-00F4-4E7F-ACBB-9C4914A2F26A}.Release|Any CPU.ActiveCfg = Release|Any CPU
		{A663851D-00F4-4E7F-ACBB-9C4914A2F26A}.Release|Any CPU.Build.0 = Release|Any CPU
	EndGlobalSection
	GlobalSection(SolutionProperties) = preSolution
		HideSolutionNode = FALSE
	EndGlobalSection
	GlobalSection(ExtensibilityGlobals) = postSolution
		SolutionGuid = {23E31868-45DC-4F6E-BFC5-885CBBB535DC}
	EndGlobalSection
EndGlobal
